
Microsoft Visual Studio Solution File, Format Version 12.00
# Visual Studio Version 17
VisualStudioVersion = 17.1.32421.90
MinimumVisualStudioVersion = 10.0.40219.1
Project("{FAE04EC0-301F-11D3-BF4B-00C04F79EFBC}") = "AutomobileLibrary", "AutomobileLibrary\AutomobileLibrary.csproj", "{3F24ACA4-543F-4F5B-BE12-B411AC1FE90B}"
EndProject
Project("{FAE04EC0-301F-11D3-BF4B-00C04F79EFBC}") = "AutomobileWinForm", "AutomobileWinForm\AutomobileWinForm.csproj", "{294D23CA-019D-45F1-B97D-75B08ED92E6D}"
EndProject
Global
	GlobalSection(SolutionConfigurationPlatforms) = preSolution
		Debug|Any CPU = Debug|Any CPU
		Release|Any CPU = Release|Any CPU
	EndGlobalSection
	GlobalSection(ProjectConfigurationPlatforms) = postSolution
		{3F24ACA4-543F-4F5B-BE12-B411AC1FE90B}.Debug|Any CPU.ActiveCfg = Debug|Any CPU
		{3F24ACA4-543F-4F5B-BE12-B411AC1FE90B}.Debug|Any CPU.Build.0 = Debug|Any CPU
		{3F24ACA4-543F-4F5B-BE12-B411AC1FE90B}.Release|Any CPU.ActiveCfg = Release|Any CPU
		{3F24ACA4-543F-4F5B-BE12-B411AC1FE90B}.Release|Any CPU.Build.0 = Release|Any CPU
		{294D23CA-019D-45F1-B97D-75B08ED92E6D}.Debug|Any CPU.ActiveCfg = Debug|Any CPU
		{294D23CA-019D-45F1-B97D-75B08ED92E6D}.Debug|Any CPU.Build.0 = Debug|Any CPU
		{294D23CA-019D-45F1-B97D-75B08ED92E6D}.Release|Any CPU.ActiveCfg = Release|Any CPU
		{294D23CA-019D-45F1-B97D-75B08ED92E6D}.Release|Any CPU.Build.0 = Release|Any CPU
	EndGlobalSection
	GlobalSection(SolutionProperties) = preSolution
		HideSolutionNode = FALSE
	EndGlobalSection
	GlobalSection(ExtensibilityGlobals) = postSolution
		SolutionGuid = {02B8F19A-9C5C-4B1E-B3A7-27D10F62CF29}
	EndGlobalSection
EndGlobal
